
Microsoft Visual Studio Solution File, Format Version 12.00
# Visual Studio Version 17
VisualStudioVersion = 17.2.32630.192
MinimumVisualStudioVersion = 10.0.40219.1
Project("{FAE04EC0-301F-11D3-BF4B-00C04F79EFBC}") = "SportingGroupTechnical", "SportingGroupTechnical\SportingGroupTechnical.csproj", "{5BA653F5-5662-40B3-9A0E-8D7ADA15C81A}"
EndProject
Global
	GlobalSection(SolutionConfigurationPlatforms) = preSolution
		Debug|Any CPU = Debug|Any CPU
		Release|Any CPU = Release|Any CPU
	EndGlobalSection
	GlobalSection(ProjectConfigurationPlatforms) = postSolution
		{5BA653F5-5662-40B3-9A0E-8D7ADA15C81A}.Debug|Any CPU.ActiveCfg = Debug|Any CPU
		{5BA653F5-5662-40B3-9A0E-8D7ADA15C81A}.Debug|Any CPU.Build.0 = Debug|Any CPU
		{5BA653F5-5662-40B3-9A0E-8D7ADA15C81A}.Release|Any CPU.ActiveCfg = Release|Any CPU
		{5BA653F5-5662-40B3-9A0E-8D7ADA15C81A}.Release|Any CPU.Build.0 = Release|Any CPU
	EndGlobalSection
	GlobalSection(SolutionProperties) = preSolution
		HideSolutionNode = FALSE
	EndGlobalSection
	GlobalSection(ExtensibilityGlobals) = postSolution
		SolutionGuid = {A3B8B56D-FED1-41DD-B983-FE7AE69CC526}
	EndGlobalSection
EndGlobal
